
Microsoft Visual Studio Solution File, Format Version 12.00
# Visual Studio Version 17
VisualStudioVersion = 17.14.36212.18 d17.14
MinimumVisualStudioVersion = 10.0.40219.1
Project("{FAE04EC0-301F-11D3-BF4B-00C04F79EFBC}") = "KafkaWinChat", "KafkaWinChat.csproj", "{71157EA2-82B2-470A-8D03-B01F02568824}"
EndProject
Global
	GlobalSection(SolutionConfigurationPlatforms) = preSolution
		Debug|Any CPU = Debug|Any CPU
		Release|Any CPU = Release|Any CPU
	EndGlobalSection
	GlobalSection(ProjectConfigurationPlatforms) = postSolution
		{71157EA2-82B2-470A-8D03-B01F02568824}.Debug|Any CPU.ActiveCfg = Debug|Any CPU
		{71157EA2-82B2-470A-8D03-B01F02568824}.Debug|Any CPU.Build.0 = Debug|Any CPU
		{71157EA2-82B2-470A-8D03-B01F02568824}.Release|Any CPU.ActiveCfg = Release|Any CPU
		{71157EA2-82B2-470A-8D03-B01F02568824}.Release|Any CPU.Build.0 = Release|Any CPU
	EndGlobalSection
	GlobalSection(SolutionProperties) = preSolution
		HideSolutionNode = FALSE
	EndGlobalSection
	GlobalSection(ExtensibilityGlobals) = postSolution
		SolutionGuid = {EB8345BB-8DE3-4461-BF8C-7102E5853787}
	EndGlobalSection
EndGlobal
